
Microsoft Visual Studio Solution File, Format Version 12.00
# Visual Studio Version 16
VisualStudioVersion = 16.0.31019.35
MinimumVisualStudioVersion = 10.0.40219.1
Project("{FAE04EC0-301F-11D3-BF4B-00C04F79EFBC}") = "Milestone", "Milestone.csproj", "{9B6D226C-DD11-4E26-AE90-29AF77F2518D}"
EndProject
Global
	GlobalSection(SolutionConfigurationPlatforms) = preSolution
		Debug|Any CPU = Debug|Any CPU
		Release|Any CPU = Release|Any CPU
	EndGlobalSection
	GlobalSection(ProjectConfigurationPlatforms) = postSolution
		{9B6D226C-DD11-4E26-AE90-29AF77F2518D}.Debug|Any CPU.ActiveCfg = Debug|Any CPU
		{9B6D226C-DD11-4E26-AE90-29AF77F2518D}.Debug|Any CPU.Build.0 = Debug|Any CPU
		{9B6D226C-DD11-4E26-AE90-29AF77F2518D}.Release|Any CPU.ActiveCfg = Release|Any CPU
		{9B6D226C-DD11-4E26-AE90-29AF77F2518D}.Release|Any CPU.Build.0 = Release|Any CPU
	EndGlobalSection
	GlobalSection(SolutionProperties) = preSolution
		HideSolutionNode = FALSE
	EndGlobalSection
	GlobalSection(ExtensibilityGlobals) = postSolution
		SolutionGuid = {B1BE99D6-584F-4FC4-BAC5-67160C27D935}
	EndGlobalSection
EndGlobal
